
Microsoft Visual Studio Solution File, Format Version 12.00
# Visual Studio 15
VisualStudioVersion = 15.0.27428.2037
MinimumVisualStudioVersion = 10.0.40219.1
Project("{8BC9CEB8-8B4A-11D0-8D11-00A0C91BC942}") = "DungeonManager", "DungeonManager\DungeonManager.vcxproj", "{CCAE267E-230E-4992-8F10-90086BA7256B}"
EndProject
Global
	GlobalSection(SolutionConfigurationPlatforms) = preSolution
		Debug|x64 = Debug|x64
		Debug|x86 = Debug|x86
		Release|x64 = Release|x64
		Release|x86 = Release|x86
	EndGlobalSection
	GlobalSection(ProjectConfigurationPlatforms) = postSolution
		{CCAE267E-230E-4992-8F10-90086BA7256B}.Debug|x64.ActiveCfg = Debug|x64
		{CCAE267E-230E-4992-8F10-90086BA7256B}.Debug|x64.Build.0 = Debug|x64
		{CCAE267E-230E-4992-8F10-90086BA7256B}.Debug|x86.ActiveCfg = Debug|Win32
		{CCAE267E-230E-4992-8F10-90086BA7256B}.Debug|x86.Build.0 = Debug|Win32
		{CCAE267E-230E-4992-8F10-90086BA7256B}.Release|x64.ActiveCfg = Release|x64
		{CCAE267E-230E-4992-8F10-90086BA7256B}.Release|x64.Build.0 = Release|x64
		{CCAE267E-230E-4992-8F10-90086BA7256B}.Release|x86.ActiveCfg = Release|Win32
		{CCAE267E-230E-4992-8F10-90086BA7256B}.Release|x86.Build.0 = Release|Win32
	EndGlobalSection
	GlobalSection(SolutionProperties) = preSolution
		HideSolutionNode = FALSE
	EndGlobalSection
	GlobalSection(ExtensibilityGlobals) = postSolution
		SolutionGuid = {EAB9E2E9-DE78-4475-8EF6-4DCCD25301EE}
	EndGlobalSection
EndGlobal
